
Microsoft Visual Studio Solution File, Format Version 12.00
# Visual Studio Version 17
VisualStudioVersion = 17.3.32922.545
MinimumVisualStudioVersion = 10.0.40219.1
Project("{FAE04EC0-301F-11D3-BF4B-00C04F79EFBC}") = "BasicDemoLineScan", "BasicDemoLineScan.csproj", "{5EF2395A-8B26-4464-BBB9-98FBCD27274E}"
EndProject
Global
	GlobalSection(SolutionConfigurationPlatforms) = preSolution
		Debug|Any CPU = Debug|Any CPU
		Release|Any CPU = Release|Any CPU
	EndGlobalSection
	GlobalSection(ProjectConfigurationPlatforms) = postSolution
		{5EF2395A-8B26-4464-BBB9-98FBCD27274E}.Debug|Any CPU.ActiveCfg = Debug|Any CPU
		{5EF2395A-8B26-4464-BBB9-98FBCD27274E}.Debug|Any CPU.Build.0 = Debug|Any CPU
		{5EF2395A-8B26-4464-BBB9-98FBCD27274E}.Release|Any CPU.ActiveCfg = Release|Any CPU
		{5EF2395A-8B26-4464-BBB9-98FBCD27274E}.Release|Any CPU.Build.0 = Release|Any CPU
	EndGlobalSection
	GlobalSection(SolutionProperties) = preSolution
		HideSolutionNode = FALSE
	EndGlobalSection
	GlobalSection(ExtensibilityGlobals) = postSolution
		SolutionGuid = {1186B7FE-4803-4EFA-AE7A-1FBCD3CA9C2D}
	EndGlobalSection
EndGlobal
